{
  "name": "covid-19",
  "lockfileVersion": 2,
  "requires": true,
  "packages": {
    "": {
      "dependencies": {
        "chartjs-plugin-annotation": "^1.0.0-beta.3",
        "date-fns": "^2.18.0"
      }
    },
    "node_modules/chart.js": {
      "version": "3.0.0-beta.12",
      "resolved": "https://registry.npmjs.org/chart.js/-/chart.js-3.0.0-beta.12.tgz",
      "integrity": "sha512-+VT+7hEfJMhjtpudOkRpafolWM6YcoXXK+1Kgujy9n06Fzd/w//AYyQfRog/b1cQRe11iMx2UA+UdxlsmJjCnA==",
      "peer": true
    },
    "node_modules/chartjs-plugin-annotation": {
      "version": "1.0.0-beta.3",
      "resolved": "https://registry.npmjs.org/chartjs-plugin-annotation/-/chartjs-plugin-annotation-1.0.0-beta.3.tgz",
      "integrity": "sha512-BVYvl6tJg7xH9RZnLeGxbXVmZQVwzer8o0wYu2tEZgyR4KzEag+DSqKSJrLuYaVoL1wlDLhNG4FqVjpHOPJM4w==",
      "peerDependencies": {
        "chart.js": "^3.0.0-beta.7"
      }
    },
    "node_modules/date-fns": {
      "version": "2.18.0",
      "resolved": "https://registry.npmjs.org/date-fns/-/date-fns-2.18.0.tgz",
      "integrity": "sha512-NYyAg4wRmGVU4miKq5ivRACOODdZRY3q5WLmOJSq8djyzftYphU7dTHLcEtLqEvfqMKQ0jVv91P4BAwIjsXIcw==",
      "engines": {
        "node": ">=0.11"
      },
      "funding": {
        "type": "opencollective",
        "url": "https://opencollective.com/date-fns"
      }
    }
  },
  "dependencies": {
    "chart.js": {
      "version": "3.0.0-beta.12",
      "resolved": "https://registry.npmjs.org/chart.js/-/chart.js-3.0.0-beta.12.tgz",
      "integrity": "sha512-+VT+7hEfJMhjtpudOkRpafolWM6YcoXXK+1Kgujy9n06Fzd/w//AYyQfRog/b1cQRe11iMx2UA+UdxlsmJjCnA==",
      "peer": true
    },
    "chartjs-plugin-annotation": {
      "version": "1.0.0-beta.3",
      "resolved": "https://registry.npmjs.org/chartjs-plugin-annotation/-/chartjs-plugin-annotation-1.0.0-beta.3.tgz",
      "integrity": "sha512-BVYvl6tJg7xH9RZnLeGxbXVmZQVwzer8o0wYu2tEZgyR4KzEag+DSqKSJrLuYaVoL1wlDLhNG4FqVjpHOPJM4w==",
      "requires": {}
    },
    "date-fns": {
      "version": "2.18.0",
      "resolved": "https://registry.npmjs.org/date-fns/-/date-fns-2.18.0.tgz",
      "integrity": "sha512-NYyAg4wRmGVU4miKq5ivRACOODdZRY3q5WLmOJSq8djyzftYphU7dTHLcEtLqEvfqMKQ0jVv91P4BAwIjsXIcw=="
    }
  }
}
