{
  "name": "covid-19",
  "lockfileVersion": 2,
  "requires": true,
  "packages": {
    "": {
      "dependencies": {
        "chart.js": "^3.0.0",
        "chartjs-plugin-annotation": "github:jonblatho/chartjs-plugin-annotation#master"
      }
    },
    "node_modules/chart.js": {
      "version": "3.1.1",
      "resolved": "https://registry.npmjs.org/chart.js/-/chart.js-3.1.1.tgz",
      "integrity": "sha512-ghNJersc9VD9MECwa5bL8gqvCkndW6RSCicdEHL9lIriNtXwKawlSmwo+u6KNXLYT2+f24GdFPBoynKW3ke4MQ=="
    },
    "node_modules/chartjs-plugin-annotation": {
      "version": "1.0.0",
      "resolved": "git+ssh://git@github.com/jonblatho/chartjs-plugin-annotation.git#beb19c8c6a217d2f3cfef02aace9b815e21203c8",
      "license": "MIT",
      "peerDependencies": {
        "chart.js": "^3.0.1"
      }
    }
  },
  "dependencies": {
    "chart.js": {
      "version": "3.1.1",
      "resolved": "https://registry.npmjs.org/chart.js/-/chart.js-3.1.1.tgz",
      "integrity": "sha512-ghNJersc9VD9MECwa5bL8gqvCkndW6RSCicdEHL9lIriNtXwKawlSmwo+u6KNXLYT2+f24GdFPBoynKW3ke4MQ=="
    },
    "chartjs-plugin-annotation": {
      "version": "git+ssh://git@github.com/jonblatho/chartjs-plugin-annotation.git#beb19c8c6a217d2f3cfef02aace9b815e21203c8",
      "from": "chartjs-plugin-annotation@github:jonblatho/chartjs-plugin-annotation#master",
      "requires": {}
    }
  }
}
