{
  "name": "covid-19",
  "lockfileVersion": 2,
  "requires": true,
  "packages": {
    "": {
      "dependencies": {
        "chart.js": "^3.0.0-beta.13",
        "chartjs-plugin-annotation": "^1.0.0-beta.4",
        "date-fns": "^2.18.0"
      }
    },
    "node_modules/chart.js": {
      "version": "3.0.0-beta.13",
      "resolved": "https://registry.npmjs.org/chart.js/-/chart.js-3.0.0-beta.13.tgz",
      "integrity": "sha512-AYWrxh/pPwjStIrbmmowacab01vsp7oZrvghzQrexUn6jBSj+iix9jcRx/sxDHJHfEgG+azG1BkULtDuSXdLaw=="
    },
    "node_modules/chartjs-plugin-annotation": {
      "version": "1.0.0-beta.4",
      "resolved": "https://registry.npmjs.org/chartjs-plugin-annotation/-/chartjs-plugin-annotation-1.0.0-beta.4.tgz",
      "integrity": "sha512-dGCI3cxxCMSzC3aRd5Klm1aFcLSD+UwDYtnKJHl1Dp49k3Pj6H5FzjEKyC75FKrAvomGwbF9jeBlvJNAdch3GA==",
      "peerDependencies": {
        "chart.js": "^3.0.0-beta.13"
      }
    },
    "node_modules/date-fns": {
      "version": "2.18.0",
      "resolved": "https://registry.npmjs.org/date-fns/-/date-fns-2.18.0.tgz",
      "integrity": "sha512-NYyAg4wRmGVU4miKq5ivRACOODdZRY3q5WLmOJSq8djyzftYphU7dTHLcEtLqEvfqMKQ0jVv91P4BAwIjsXIcw==",
      "engines": {
        "node": ">=0.11"
      },
      "funding": {
        "type": "opencollective",
        "url": "https://opencollective.com/date-fns"
      }
    }
  },
  "dependencies": {
    "chart.js": {
      "version": "3.0.0-beta.13",
      "resolved": "https://registry.npmjs.org/chart.js/-/chart.js-3.0.0-beta.13.tgz",
      "integrity": "sha512-AYWrxh/pPwjStIrbmmowacab01vsp7oZrvghzQrexUn6jBSj+iix9jcRx/sxDHJHfEgG+azG1BkULtDuSXdLaw=="
    },
    "chartjs-plugin-annotation": {
      "version": "1.0.0-beta.4",
      "resolved": "https://registry.npmjs.org/chartjs-plugin-annotation/-/chartjs-plugin-annotation-1.0.0-beta.4.tgz",
      "integrity": "sha512-dGCI3cxxCMSzC3aRd5Klm1aFcLSD+UwDYtnKJHl1Dp49k3Pj6H5FzjEKyC75FKrAvomGwbF9jeBlvJNAdch3GA==",
      "requires": {}
    },
    "date-fns": {
      "version": "2.18.0",
      "resolved": "https://registry.npmjs.org/date-fns/-/date-fns-2.18.0.tgz",
      "integrity": "sha512-NYyAg4wRmGVU4miKq5ivRACOODdZRY3q5WLmOJSq8djyzftYphU7dTHLcEtLqEvfqMKQ0jVv91P4BAwIjsXIcw=="
    }
  }
}
